// !$*UTF8*$!
{
	archiveVersion = 1;
	classes = {
	};
	objectVersion = 55;
	objects = {

/* Begin PBXBuildFile section */
		123765302874679000968100 /* PackageSelectorView.swift in Sources */ = {isa = PBXBuildFile; fileRef = 1237652F2874679000968100 /* PackageSelectorView.swift */; };
		12A1DF502874745A00B90A0D /* PackageModel.swift in Sources */ = {isa = PBXBuildFile; fileRef = 12A1DF4F2874745A00B90A0D /* PackageModel.swift */; };
		12A1DF5428749F4A00B90A0D /* PackageGrid.swift in Sources */ = {isa = PBXBuildFile; fileRef = 12A1DF5328749F4A00B90A0D /* PackageGrid.swift */; };
		12A1DF562874A0CD00B90A0D /* PackageItem.swift in Sources */ = {isa = PBXBuildFile; fileRef = 12A1DF552874A0CD00B90A0D /* PackageItem.swift */; };
		12A1DF5A2874E84100B90A0D /* BuyPackagesBanner.swift in Sources */ = {isa = PBXBuildFile; fileRef = 12A1DF592874E84100B90A0D /* BuyPackagesBanner.swift */; };
		12A1DF5E2874F15B00B90A0D /* AppButton.swift in Sources */ = {isa = PBXBuildFile; fileRef = 12A1DF5D2874F15B00B90A0D /* AppButton.swift */; };
		12A1DF6028758DCE00B90A0D /* BackButton.swift in Sources */ = {isa = PBXBuildFile; fileRef = 12A1DF5F28758DCE00B90A0D /* BackButton.swift */; };
		12A1DF662875C8B700B90A0D /* AppUtility.swift in Sources */ = {isa = PBXBuildFile; fileRef = 12A1DF652875C8B700B90A0D /* AppUtility.swift */; };
		12A1DF682875CBD300B90A0D /* GameView.swift in Sources */ = {isa = PBXBuildFile; fileRef = 12A1DF672875CBD300B90A0D /* GameView.swift */; };
		12A1DF6B2885CF7000B90A0D /* data.json in Resources */ = {isa = PBXBuildFile; fileRef = 12A1DF6A2885CF7000B90A0D /* data.json */; };
		12A1DF722886D8E900B90A0D /* UserSettingsState.swift in Sources */ = {isa = PBXBuildFile; fileRef = 12A1DF712886D8E900B90A0D /* UserSettingsState.swift */; };
		12A1DF742886DD4300B90A0D /* GameState.swift in Sources */ = {isa = PBXBuildFile; fileRef = 12A1DF732886DD4300B90A0D /* GameState.swift */; };
		12A598192870657C004F735B /* BerusatApp.swift in Sources */ = {isa = PBXBuildFile; fileRef = 12A598182870657C004F735B /* BerusatApp.swift */; };
		12A5981B2870657C004F735B /* ContentView.swift in Sources */ = {isa = PBXBuildFile; fileRef = 12A5981A2870657C004F735B /* ContentView.swift */; };
		12A5981D2870657C004F735B /* Assets.xcassets in Resources */ = {isa = PBXBuildFile; fileRef = 12A5981C2870657C004F735B /* Assets.xcassets */; };
		12A598202870657C004F735B /* Preview Assets.xcassets in Resources */ = {isa = PBXBuildFile; fileRef = 12A5981F2870657C004F735B /* Preview Assets.xcassets */; };
		12A5982D28706D62004F735B /* StartView.swift in Sources */ = {isa = PBXBuildFile; fileRef = 12A5982C28706D62004F735B /* StartView.swift */; };
		12CCD83B2870731600D87C4A /* PlayerListRow.swift in Sources */ = {isa = PBXBuildFile; fileRef = 12CCD83A2870731600D87C4A /* PlayerListRow.swift */; };
		12CCD83D2870777200D87C4A /* PlayerList.swift in Sources */ = {isa = PBXBuildFile; fileRef = 12CCD83C2870777200D87C4A /* PlayerList.swift */; };
		12CCD83F287085FB00D87C4A /* CupidDeer.ttf in Resources */ = {isa = PBXBuildFile; fileRef = 12CCD83E287085FB00D87C4A /* CupidDeer.ttf */; };
		12CCD8422870862A00D87C4A /* Constants.swift in Sources */ = {isa = PBXBuildFile; fileRef = 12CCD8412870862A00D87C4A /* Constants.swift */; };
		12CCD8452872C64800D87C4A /* Typography.swift in Sources */ = {isa = PBXBuildFile; fileRef = 12CCD8442872C64800D87C4A /* Typography.swift */; };
		12CCD8472872EE7300D87C4A /* RoundsSlider.swift in Sources */ = {isa = PBXBuildFile; fileRef = 12CCD8462872EE7300D87C4A /* RoundsSlider.swift */; };
		12CCD8492872EE7C00D87C4A /* AddPlayerTextField.swift in Sources */ = {isa = PBXBuildFile; fileRef = 12CCD8482872EE7C00D87C4A /* AddPlayerTextField.swift */; };
		12CCD8502872FEB100D87C4A /* PlayerModel.swift in Sources */ = {isa = PBXBuildFile; fileRef = 12CCD84F2872FEB100D87C4A /* PlayerModel.swift */; };
		12CCD8522872FFC400D87C4A /* PackageState.swift in Sources */ = {isa = PBXBuildFile; fileRef = 12CCD8512872FFC400D87C4A /* PackageState.swift */; };
		12CCD857287459FC00D87C4A /* StartButton.swift in Sources */ = {isa = PBXBuildFile; fileRef = 12CCD856287459FC00D87C4A /* StartButton.swift */; };
/* End PBXBuildFile section */

/* Begin PBXFileReference section */
		1237652F2874679000968100 /* PackageSelectorView.swift */ = {isa = PBXFileReference; lastKnownFileType = sourcecode.swift; path = PackageSelectorView.swift; sourceTree = "<group>"; };
		12A1DF4F2874745A00B90A0D /* PackageModel.swift */ = {isa = PBXFileReference; lastKnownFileType = sourcecode.swift; path = PackageModel.swift; sourceTree = "<group>"; };
		12A1DF5328749F4A00B90A0D /* PackageGrid.swift */ = {isa = PBXFileReference; lastKnownFileType = sourcecode.swift; path = PackageGrid.swift; sourceTree = "<group>"; };
		12A1DF552874A0CD00B90A0D /* PackageItem.swift */ = {isa = PBXFileReference; lastKnownFileType = sourcecode.swift; path = PackageItem.swift; sourceTree = "<group>"; };
		12A1DF592874E84100B90A0D /* BuyPackagesBanner.swift */ = {isa = PBXFileReference; lastKnownFileType = sourcecode.swift; path = BuyPackagesBanner.swift; sourceTree = "<group>"; };
		12A1DF5D2874F15B00B90A0D /* AppButton.swift */ = {isa = PBXFileReference; lastKnownFileType = sourcecode.swift; path = AppButton.swift; sourceTree = "<group>"; };
		12A1DF5F28758DCE00B90A0D /* BackButton.swift */ = {isa = PBXFileReference; lastKnownFileType = sourcecode.swift; path = BackButton.swift; sourceTree = "<group>"; };
		12A1DF652875C8B700B90A0D /* AppUtility.swift */ = {isa = PBXFileReference; lastKnownFileType = sourcecode.swift; path = AppUtility.swift; sourceTree = "<group>"; };
		12A1DF672875CBD300B90A0D /* GameView.swift */ = {isa = PBXFileReference; lastKnownFileType = sourcecode.swift; path = GameView.swift; sourceTree = "<group>"; };
		12A1DF6A2885CF7000B90A0D /* data.json */ = {isa = PBXFileReference; lastKnownFileType = text.json; path = data.json; sourceTree = "<group>"; xcLanguageSpecificationIdentifier = xcode.lang.json; };
		12A1DF712886D8E900B90A0D /* UserSettingsState.swift */ = {isa = PBXFileReference; fileEncoding = 4; lastKnownFileType = sourcecode.swift; path = UserSettingsState.swift; sourceTree = "<group>"; };
		12A1DF732886DD4300B90A0D /* GameState.swift */ = {isa = PBXFileReference; lastKnownFileType = sourcecode.swift; path = GameState.swift; sourceTree = "<group>"; };
		12A598152870657C004F735B /* Berusat.app */ = {isa = PBXFileReference; explicitFileType = wrapper.application; includeInIndex = 0; path = Berusat.app; sourceTree = BUILT_PRODUCTS_DIR; };
		12A598182870657C004F735B /* BerusatApp.swift */ = {isa = PBXFileReference; lastKnownFileType = sourcecode.swift; path = BerusatApp.swift; sourceTree = "<group>"; };
		12A5981A2870657C004F735B /* ContentView.swift */ = {isa = PBXFileReference; lastKnownFileType = sourcecode.swift; path = ContentView.swift; sourceTree = "<group>"; };
		12A5981C2870657C004F735B /* Assets.xcassets */ = {isa = PBXFileReference; lastKnownFileType = folder.assetcatalog; path = Assets.xcassets; sourceTree = "<group>"; };
		12A5981F2870657C004F735B /* Preview Assets.xcassets */ = {isa = PBXFileReference; lastKnownFileType = folder.assetcatalog; path = "Preview Assets.xcassets"; sourceTree = "<group>"; };
		12A5982A28706C96004F735B /* Info.plist */ = {isa = PBXFileReference; lastKnownFileType = text.plist.xml; path = Info.plist; sourceTree = "<group>"; };
		12A5982C28706D62004F735B /* StartView.swift */ = {isa = PBXFileReference; lastKnownFileType = sourcecode.swift; path = StartView.swift; sourceTree = "<group>"; };
		12CCD83A2870731600D87C4A /* PlayerListRow.swift */ = {isa = PBXFileReference; lastKnownFileType = sourcecode.swift; path = PlayerListRow.swift; sourceTree = "<group>"; };
		12CCD83C2870777200D87C4A /* PlayerList.swift */ = {isa = PBXFileReference; lastKnownFileType = sourcecode.swift; path = PlayerList.swift; sourceTree = "<group>"; };
		12CCD83E287085FB00D87C4A /* CupidDeer.ttf */ = {isa = PBXFileReference; lastKnownFileType = file; path = CupidDeer.ttf; sourceTree = "<group>"; };
		12CCD8412870862A00D87C4A /* Constants.swift */ = {isa = PBXFileReference; lastKnownFileType = sourcecode.swift; path = Constants.swift; sourceTree = "<group>"; };
		12CCD8442872C64800D87C4A /* Typography.swift */ = {isa = PBXFileReference; lastKnownFileType = sourcecode.swift; path = Typography.swift; sourceTree = "<group>"; };
		12CCD8462872EE7300D87C4A /* RoundsSlider.swift */ = {isa = PBXFileReference; lastKnownFileType = sourcecode.swift; path = RoundsSlider.swift; sourceTree = "<group>"; };
		12CCD8482872EE7C00D87C4A /* AddPlayerTextField.swift */ = {isa = PBXFileReference; lastKnownFileType = sourcecode.swift; path = AddPlayerTextField.swift; sourceTree = "<group>"; };
		12CCD84F2872FEB100D87C4A /* PlayerModel.swift */ = {isa = PBXFileReference; lastKnownFileType = sourcecode.swift; path = PlayerModel.swift; sourceTree = "<group>"; };
		12CCD8512872FFC400D87C4A /* PackageState.swift */ = {isa = PBXFileReference; lastKnownFileType = sourcecode.swift; path = PackageState.swift; sourceTree = "<group>"; };
		12CCD856287459FC00D87C4A /* StartButton.swift */ = {isa = PBXFileReference; lastKnownFileType = sourcecode.swift; path = StartButton.swift; sourceTree = "<group>"; };
/* End PBXFileReference section */

/* Begin PBXFrameworksBuildPhase section */
		12A598122870657C004F735B /* Frameworks */ = {
			isa = PBXFrameworksBuildPhase;
			buildActionMask = 2147483647;
			files = (
			);
			runOnlyForDeploymentPostprocessing = 0;
		};
/* End PBXFrameworksBuildPhase section */

/* Begin PBXGroup section */
		12A1DF4C287473CD00B90A0D /* PackageGrid */ = {
			isa = PBXGroup;
			children = (
				12A1DF5328749F4A00B90A0D /* PackageGrid.swift */,
				12A1DF552874A0CD00B90A0D /* PackageItem.swift */,
			);
			path = PackageGrid;
			sourceTree = "<group>";
		};
		12A1DF692885CF1D00B90A0D /* Data */ = {
			isa = PBXGroup;
			children = (
				12A1DF6A2885CF7000B90A0D /* data.json */,
			);
			path = Data;
			sourceTree = "<group>";
		};
		12A1DF6C2885EBBA00B90A0D /* State */ = {
			isa = PBXGroup;
			children = (
				12CCD8512872FFC400D87C4A /* PackageState.swift */,
				12A1DF712886D8E900B90A0D /* UserSettingsState.swift */,
				12A1DF732886DD4300B90A0D /* GameState.swift */,
			);
			path = State;
			sourceTree = "<group>";
		};
		12A5980C2870657C004F735B = {
			isa = PBXGroup;
			children = (
				12A598172870657C004F735B /* Berusat */,
				12A598162870657C004F735B /* Products */,
			);
			sourceTree = "<group>";
		};
		12A598162870657C004F735B /* Products */ = {
			isa = PBXGroup;
			children = (
				12A598152870657C004F735B /* Berusat.app */,
			);
			name = Products;
			sourceTree = "<group>";
		};
		12A598172870657C004F735B /* Berusat */ = {
			isa = PBXGroup;
			children = (
				12A598182870657C004F735B /* BerusatApp.swift */,
				12A1DF6C2885EBBA00B90A0D /* State */,
				12A1DF692885CF1D00B90A0D /* Data */,
				12CCD84C2872FE5D00D87C4A /* Models */,
				12A5982B28706D31004F735B /* Views */,
				12CCD8402870861E00D87C4A /* Utils */,
				12A5982628706C42004F735B /* Resources */,
				12A5981C2870657C004F735B /* Assets.xcassets */,
				12A5982A28706C96004F735B /* Info.plist */,
				12A5981E2870657C004F735B /* Preview Content */,
			);
			path = Berusat;
			sourceTree = "<group>";
		};
		12A5981E2870657C004F735B /* Preview Content */ = {
			isa = PBXGroup;
			children = (
				12A5981F2870657C004F735B /* Preview Assets.xcassets */,
			);
			path = "Preview Content";
			sourceTree = "<group>";
		};
		12A5982628706C42004F735B /* Resources */ = {
			isa = PBXGroup;
			children = (
				12A5982728706C4B004F735B /* Fonts */,
			);
			path = Resources;
			sourceTree = "<group>";
		};
		12A5982728706C4B004F735B /* Fonts */ = {
			isa = PBXGroup;
			children = (
				12CCD83E287085FB00D87C4A /* CupidDeer.ttf */,
			);
			path = Fonts;
			sourceTree = "<group>";
		};
		12A5982B28706D31004F735B /* Views */ = {
			isa = PBXGroup;
			children = (
				12A5981A2870657C004F735B /* ContentView.swift */,
				12A5982C28706D62004F735B /* StartView.swift */,
				1237652F2874679000968100 /* PackageSelectorView.swift */,
				12A1DF672875CBD300B90A0D /* GameView.swift */,
				12CCD8432872C62400D87C4A /* Components */,
			);
			path = Views;
			sourceTree = "<group>";
		};
		12CCD8392870730300D87C4A /* PlayerList */ = {
			isa = PBXGroup;
			children = (
				12CCD83A2870731600D87C4A /* PlayerListRow.swift */,
				12CCD83C2870777200D87C4A /* PlayerList.swift */,
			);
			path = PlayerList;
			sourceTree = "<group>";
		};
		12CCD8402870861E00D87C4A /* Utils */ = {
			isa = PBXGroup;
			children = (
				12CCD8412870862A00D87C4A /* Constants.swift */,
				12A1DF652875C8B700B90A0D /* AppUtility.swift */,
			);
			path = Utils;
			sourceTree = "<group>";
		};
		12CCD8432872C62400D87C4A /* Components */ = {
			isa = PBXGroup;
			children = (
				12A1DF592874E84100B90A0D /* BuyPackagesBanner.swift */,
				12CCD8442872C64800D87C4A /* Typography.swift */,
				12CCD8462872EE7300D87C4A /* RoundsSlider.swift */,
				12A1DF5F28758DCE00B90A0D /* BackButton.swift */,
				12CCD856287459FC00D87C4A /* StartButton.swift */,
				12A1DF5D2874F15B00B90A0D /* AppButton.swift */,
				12CCD8482872EE7C00D87C4A /* AddPlayerTextField.swift */,
				12A1DF4C287473CD00B90A0D /* PackageGrid */,
				12CCD8392870730300D87C4A /* PlayerList */,
			);
			path = Components;
			sourceTree = "<group>";
		};
		12CCD84C2872FE5D00D87C4A /* Models */ = {
			isa = PBXGroup;
			children = (
				12CCD84F2872FEB100D87C4A /* PlayerModel.swift */,
				12A1DF4F2874745A00B90A0D /* PackageModel.swift */,
			);
			path = Models;
			sourceTree = "<group>";
		};
/* End PBXGroup section */

/* Begin PBXNativeTarget section */
		12A598142870657C004F735B /* Berusat */ = {
			isa = PBXNativeTarget;
			buildConfigurationList = 12A598232870657C004F735B /* Build configuration list for PBXNativeTarget "Berusat" */;
			buildPhases = (
				12A598112870657C004F735B /* Sources */,
				12A598122870657C004F735B /* Frameworks */,
				12A598132870657C004F735B /* Resources */,
			);
			buildRules = (
			);
			dependencies = (
			);
			name = Berusat;
			productName = Berusat;
			productReference = 12A598152870657C004F735B /* Berusat.app */;
			productType = "com.apple.product-type.application";
		};
/* End PBXNativeTarget section */

/* Begin PBXProject section */
		12A5980D2870657C004F735B /* Project object */ = {
			isa = PBXProject;
			attributes = {
				BuildIndependentTargetsInParallel = 1;
				LastSwiftUpdateCheck = 1330;
				LastUpgradeCheck = 1330;
				TargetAttributes = {
					12A598142870657C004F735B = {
						CreatedOnToolsVersion = 13.3.1;
					};
				};
			};
			buildConfigurationList = 12A598102870657C004F735B /* Build configuration list for PBXProject "Berusat" */;
			compatibilityVersion = "Xcode 13.0";
			developmentRegion = en;
			hasScannedForEncodings = 0;
			knownRegions = (
				en,
				Base,
			);
			mainGroup = 12A5980C2870657C004F735B;
			productRefGroup = 12A598162870657C004F735B /* Products */;
			projectDirPath = "";
			projectRoot = "";
			targets = (
				12A598142870657C004F735B /* Berusat */,
			);
		};
/* End PBXProject section */

/* Begin PBXResourcesBuildPhase section */
		12A598132870657C004F735B /* Resources */ = {
			isa = PBXResourcesBuildPhase;
			buildActionMask = 2147483647;
			files = (
				12A1DF6B2885CF7000B90A0D /* data.json in Resources */,
				12A598202870657C004F735B /* Preview Assets.xcassets in Resources */,
				12A5981D2870657C004F735B /* Assets.xcassets in Resources */,
				12CCD83F287085FB00D87C4A /* CupidDeer.ttf in Resources */,
			);
			runOnlyForDeploymentPostprocessing = 0;
		};
/* End PBXResourcesBuildPhase section */

/* Begin PBXSourcesBuildPhase section */
		12A598112870657C004F735B /* Sources */ = {
			isa = PBXSourcesBuildPhase;
			buildActionMask = 2147483647;
			files = (
				12CCD857287459FC00D87C4A /* StartButton.swift in Sources */,
				12A1DF722886D8E900B90A0D /* UserSettingsState.swift in Sources */,
				12CCD8502872FEB100D87C4A /* PlayerModel.swift in Sources */,
				123765302874679000968100 /* PackageSelectorView.swift in Sources */,
				12A1DF6028758DCE00B90A0D /* BackButton.swift in Sources */,
				12CCD8452872C64800D87C4A /* Typography.swift in Sources */,
				12A5982D28706D62004F735B /* StartView.swift in Sources */,
				12CCD83D2870777200D87C4A /* PlayerList.swift in Sources */,
				12A1DF5428749F4A00B90A0D /* PackageGrid.swift in Sources */,
				12A1DF5E2874F15B00B90A0D /* AppButton.swift in Sources */,
				12CCD8472872EE7300D87C4A /* RoundsSlider.swift in Sources */,
				12CCD8492872EE7C00D87C4A /* AddPlayerTextField.swift in Sources */,
				12A1DF502874745A00B90A0D /* PackageModel.swift in Sources */,
				12CCD8522872FFC400D87C4A /* PackageState.swift in Sources */,
				12A1DF662875C8B700B90A0D /* AppUtility.swift in Sources */,
				12A5981B2870657C004F735B /* ContentView.swift in Sources */,
				12A1DF682875CBD300B90A0D /* GameView.swift in Sources */,
				12A1DF5A2874E84100B90A0D /* BuyPackagesBanner.swift in Sources */,
				12A598192870657C004F735B /* BerusatApp.swift in Sources */,
				12CCD83B2870731600D87C4A /* PlayerListRow.swift in Sources */,
				12A1DF742886DD4300B90A0D /* GameState.swift in Sources */,
				12A1DF562874A0CD00B90A0D /* PackageItem.swift in Sources */,
				12CCD8422870862A00D87C4A /* Constants.swift in Sources */,
			);
			runOnlyForDeploymentPostprocessing = 0;
		};
/* End PBXSourcesBuildPhase section */

/* Begin XCBuildConfiguration section */
		12A598212870657C004F735B /* Debug */ = {
			isa = XCBuildConfiguration;
			buildSettings = {
				ALWAYS_SEARCH_USER_PATHS = NO;
				CLANG_ANALYZER_NONNULL = YES;
				CLANG_ANALYZER_NUMBER_OBJECT_CONVERSION = YES_AGGRESSIVE;
				CLANG_CXX_LANGUAGE_STANDARD = "gnu++17";
				CLANG_ENABLE_MODULES = YES;
				CLANG_ENABLE_OBJC_ARC = YES;
				CLANG_ENABLE_OBJC_WEAK = YES;
				CLANG_WARN_BLOCK_CAPTURE_AUTORELEASING = YES;
				CLANG_WARN_BOOL_CONVERSION = YES;
				CLANG_WARN_COMMA = YES;
				CLANG_WARN_CONSTANT_CONVERSION = YES;
				CLANG_WARN_DEPRECATED_OBJC_IMPLEMENTATIONS = YES;
				CLANG_WARN_DIRECT_OBJC_ISA_USAGE = YES_ERROR;
				CLANG_WARN_DOCUMENTATION_COMMENTS = YES;
				CLANG_WARN_EMPTY_BODY = YES;
				CLANG_WARN_ENUM_CONVERSION = YES;
				CLANG_WARN_INFINITE_RECURSION = YES;
				CLANG_WARN_INT_CONVERSION = YES;
				CLANG_WARN_NON_LITERAL_NULL_CONVERSION = YES;
				CLANG_WARN_OBJC_IMPLICIT_RETAIN_SELF = YES;
				CLANG_WARN_OBJC_LITERAL_CONVERSION = YES;
				CLANG_WARN_OBJC_ROOT_CLASS = YES_ERROR;
				CLANG_WARN_QUOTED_INCLUDE_IN_FRAMEWORK_HEADER = YES;
				CLANG_WARN_RANGE_LOOP_ANALYSIS = YES;
				CLANG_WARN_STRICT_PROTOTYPES = YES;
				CLANG_WARN_SUSPICIOUS_MOVE = YES;
				CLANG_WARN_UNGUARDED_AVAILABILITY = YES_AGGRESSIVE;
				CLANG_WARN_UNREACHABLE_CODE = YES;
				CLANG_WARN__DUPLICATE_METHOD_MATCH = YES;
				COPY_PHASE_STRIP = NO;
				DEBUG_INFORMATION_FORMAT = dwarf;
				ENABLE_STRICT_OBJC_MSGSEND = YES;
				ENABLE_TESTABILITY = YES;
				GCC_C_LANGUAGE_STANDARD = gnu11;
				GCC_DYNAMIC_NO_PIC = NO;
				GCC_NO_COMMON_BLOCKS = YES;
				GCC_OPTIMIZATION_LEVEL = 0;
				GCC_PREPROCESSOR_DEFINITIONS = (
					"DEBUG=1",
					"$(inherited)",
				);
				GCC_WARN_64_TO_32_BIT_CONVERSION = YES;
				GCC_WARN_ABOUT_RETURN_TYPE = YES_ERROR;
				GCC_WARN_UNDECLARED_SELECTOR = YES;
				GCC_WARN_UNINITIALIZED_AUTOS = YES_AGGRESSIVE;
				GCC_WARN_UNUSED_FUNCTION = YES;
				GCC_WARN_UNUSED_VARIABLE = YES;
				IPHONEOS_DEPLOYMENT_TARGET = 15.0;
				MTL_ENABLE_DEBUG_INFO = INCLUDE_SOURCE;
				MTL_FAST_MATH = YES;
				ONLY_ACTIVE_ARCH = YES;
				SDKROOT = iphoneos;
				SWIFT_ACTIVE_COMPILATION_CONDITIONS = DEBUG;
				SWIFT_OPTIMIZATION_LEVEL = "-Onone";
			};
			name = Debug;
		};
		12A598222870657C004F735B /* Release */ = {
			isa = XCBuildConfiguration;
			buildSettings = {
				ALWAYS_SEARCH_USER_PATHS = NO;
				CLANG_ANALYZER_NONNULL = YES;
				CLANG_ANALYZER_NUMBER_OBJECT_CONVERSION = YES_AGGRESSIVE;
				CLANG_CXX_LANGUAGE_STANDARD = "gnu++17";
				CLANG_ENABLE_MODULES = YES;
				CLANG_ENABLE_OBJC_ARC = YES;
				CLANG_ENABLE_OBJC_WEAK = YES;
				CLANG_WARN_BLOCK_CAPTURE_AUTORELEASING = YES;
				CLANG_WARN_BOOL_CONVERSION = YES;
				CLANG_WARN_COMMA = YES;
				CLANG_WARN_CONSTANT_CONVERSION = YES;
				CLANG_WARN_DEPRECATED_OBJC_IMPLEMENTATIONS = YES;
				CLANG_WARN_DIRECT_OBJC_ISA_USAGE = YES_ERROR;
				CLANG_WARN_DOCUMENTATION_COMMENTS = YES;
				CLANG_WARN_EMPTY_BODY = YES;
				CLANG_WARN_ENUM_CONVERSION = YES;
				CLANG_WARN_INFINITE_RECURSION = YES;
				CLANG_WARN_INT_CONVERSION = YES;
				CLANG_WARN_NON_LITERAL_NULL_CONVERSION = YES;
				CLANG_WARN_OBJC_IMPLICIT_RETAIN_SELF = YES;
				CLANG_WARN_OBJC_LITERAL_CONVERSION = YES;
				CLANG_WARN_OBJC_ROOT_CLASS = YES_ERROR;
				CLANG_WARN_QUOTED_INCLUDE_IN_FRAMEWORK_HEADER = YES;
				CLANG_WARN_RANGE_LOOP_ANALYSIS = YES;
				CLANG_WARN_STRICT_PROTOTYPES = YES;
				CLANG_WARN_SUSPICIOUS_MOVE = YES;
				CLANG_WARN_UNGUARDED_AVAILABILITY = YES_AGGRESSIVE;
				CLANG_WARN_UNREACHABLE_CODE = YES;
				CLANG_WARN__DUPLICATE_METHOD_MATCH = YES;
				COPY_PHASE_STRIP = NO;
				DEBUG_INFORMATION_FORMAT = "dwarf-with-dsym";
				ENABLE_NS_ASSERTIONS = NO;
				ENABLE_STRICT_OBJC_MSGSEND = YES;
				GCC_C_LANGUAGE_STANDARD = gnu11;
				GCC_NO_COMMON_BLOCKS = YES;
				GCC_WARN_64_TO_32_BIT_CONVERSION = YES;
				GCC_WARN_ABOUT_RETURN_TYPE = YES_ERROR;
				GCC_WARN_UNDECLARED_SELECTOR = YES;
				GCC_WARN_UNINITIALIZED_AUTOS = YES_AGGRESSIVE;
				GCC_WARN_UNUSED_FUNCTION = YES;
				GCC_WARN_UNUSED_VARIABLE = YES;
				IPHONEOS_DEPLOYMENT_TARGET = 15.0;
				MTL_ENABLE_DEBUG_INFO = NO;
				MTL_FAST_MATH = YES;
				SDKROOT = iphoneos;
				SWIFT_COMPILATION_MODE = wholemodule;
				SWIFT_OPTIMIZATION_LEVEL = "-O";
				VALIDATE_PRODUCT = YES;
			};
			name = Release;
		};
		12A598242870657C004F735B /* Debug */ = {
			isa = XCBuildConfiguration;
			buildSettings = {
				ASSETCATALOG_COMPILER_APPICON_NAME = AppIcon;
				ASSETCATALOG_COMPILER_GLOBAL_ACCENT_COLOR_NAME = AccentColor;
				CODE_SIGN_STYLE = Automatic;
				CURRENT_PROJECT_VERSION = 1;
				DEVELOPMENT_ASSET_PATHS = "\"Berusat/Preview Content\"";
				DEVELOPMENT_TEAM = TU27QV98PQ;
				ENABLE_PREVIEWS = YES;
				GENERATE_INFOPLIST_FILE = YES;
				INFOPLIST_FILE = Berusat/Info.plist;
				INFOPLIST_KEY_UIApplicationSceneManifest_Generation = YES;
				INFOPLIST_KEY_UIApplicationSupportsIndirectInputEvents = YES;
				INFOPLIST_KEY_UILaunchScreen_Generation = YES;
				INFOPLIST_KEY_UISupportedInterfaceOrientations = "";
				INFOPLIST_KEY_UISupportedInterfaceOrientations_iPad = "UIInterfaceOrientationPortrait UIInterfaceOrientationPortraitUpsideDown UIInterfaceOrientationLandscapeLeft UIInterfaceOrientationLandscapeRight";
				INFOPLIST_KEY_UISupportedInterfaceOrientations_iPhone = "UIInterfaceOrientationPortrait UIInterfaceOrientationLandscapeLeft UIInterfaceOrientationLandscapeRight";
				IPHONEOS_DEPLOYMENT_TARGET = 15.0;
				LD_RUNPATH_SEARCH_PATHS = (
					"$(inherited)",
					"@executable_path/Frameworks",
				);
				MARKETING_VERSION = 1.0;
				PRODUCT_BUNDLE_IDENTIFIER = ervintechAB.Berusat;
				PRODUCT_NAME = "$(TARGET_NAME)";
				SWIFT_EMIT_LOC_STRINGS = YES;
				SWIFT_VERSION = 5.0;
				TARGETED_DEVICE_FAMILY = 1;
			};
			name = Debug;
		};
		12A598252870657C004F735B /* Release */ = {
			isa = XCBuildConfiguration;
			buildSettings = {
				ASSETCATALOG_COMPILER_APPICON_NAME = AppIcon;
				ASSETCATALOG_COMPILER_GLOBAL_ACCENT_COLOR_NAME = AccentColor;
				CODE_SIGN_STYLE = Automatic;
				CURRENT_PROJECT_VERSION = 1;
				DEVELOPMENT_ASSET_PATHS = "\"Berusat/Preview Content\"";
				DEVELOPMENT_TEAM = TU27QV98PQ;
				ENABLE_PREVIEWS = YES;
				GENERATE_INFOPLIST_FILE = YES;
				INFOPLIST_FILE = Berusat/Info.plist;
				INFOPLIST_KEY_UIApplicationSceneManifest_Generation = YES;
				INFOPLIST_KEY_UIApplicationSupportsIndirectInputEvents = YES;
				INFOPLIST_KEY_UILaunchScreen_Generation = YES;
				INFOPLIST_KEY_UISupportedInterfaceOrientations = "";
				INFOPLIST_KEY_UISupportedInterfaceOrientations_iPad = "UIInterfaceOrientationPortrait UIInterfaceOrientationPortraitUpsideDown UIInterfaceOrientationLandscapeLeft UIInterfaceOrientationLandscapeRight";
				INFOPLIST_KEY_UISupportedInterfaceOrientations_iPhone = "UIInterfaceOrientationPortrait UIInterfaceOrientationLandscapeLeft UIInterfaceOrientationLandscapeRight";
				IPHONEOS_DEPLOYMENT_TARGET = 15.0;
				LD_RUNPATH_SEARCH_PATHS = (
					"$(inherited)",
					"@executable_path/Frameworks",
				);
				MARKETING_VERSION = 1.0;
				PRODUCT_BUNDLE_IDENTIFIER = ervintechAB.Berusat;
				PRODUCT_NAME = "$(TARGET_NAME)";
				SWIFT_EMIT_LOC_STRINGS = YES;
				SWIFT_VERSION = 5.0;
				TARGETED_DEVICE_FAMILY = 1;
			};
			name = Release;
		};
/* End XCBuildConfiguration section */

/* Begin XCConfigurationList section */
		12A598102870657C004F735B /* Build configuration list for PBXProject "Berusat" */ = {
			isa = XCConfigurationList;
			buildConfigurations = (
				12A598212870657C004F735B /* Debug */,
				12A598222870657C004F735B /* Release */,
			);
			defaultConfigurationIsVisible = 0;
			defaultConfigurationName = Release;
		};
		12A598232870657C004F735B /* Build configuration list for PBXNativeTarget "Berusat" */ = {
			isa = XCConfigurationList;
			buildConfigurations = (
				12A598242870657C004F735B /* Debug */,
				12A598252870657C004F735B /* Release */,
			);
			defaultConfigurationIsVisible = 0;
			defaultConfigurationName = Release;
		};
/* End XCConfigurationList section */
	};
	rootObject = 12A5980D2870657C004F735B /* Project object */;
}
